
Microsoft Visual Studio Solution File, Format Version 12.00
# Visual Studio Version 17
VisualStudioVersion = 17.6.33801.468
MinimumVisualStudioVersion = 10.0.40219.1
Project("{FAE04EC0-301F-11D3-BF4B-00C04F79EFBC}") = "modificadoresAcesso", "modificadoresAcesso\modificadoresAcesso.csproj", "{79CAE35C-5988-4A87-8C19-654D2530A12F}"
EndProject
Global
	GlobalSection(SolutionConfigurationPlatforms) = preSolution
		Debug|Any CPU = Debug|Any CPU
		Release|Any CPU = Release|Any CPU
	EndGlobalSection
	GlobalSection(ProjectConfigurationPlatforms) = postSolution
		{79CAE35C-5988-4A87-8C19-654D2530A12F}.Debug|Any CPU.ActiveCfg = Debug|Any CPU
		{79CAE35C-5988-4A87-8C19-654D2530A12F}.Debug|Any CPU.Build.0 = Debug|Any CPU
		{79CAE35C-5988-4A87-8C19-654D2530A12F}.Release|Any CPU.ActiveCfg = Release|Any CPU
		{79CAE35C-5988-4A87-8C19-654D2530A12F}.Release|Any CPU.Build.0 = Release|Any CPU
	EndGlobalSection
	GlobalSection(SolutionProperties) = preSolution
		HideSolutionNode = FALSE
	EndGlobalSection
	GlobalSection(ExtensibilityGlobals) = postSolution
		SolutionGuid = {7C39A4CA-084D-4FD4-B896-4EF380E60B91}
	EndGlobalSection
EndGlobal
